
Microsoft Visual Studio Solution File, Format Version 12.00
# Visual Studio Version 17
VisualStudioVersion = 17.9.34714.143
MinimumVisualStudioVersion = 10.0.40219.1
Project("{FAE04EC0-301F-11D3-BF4B-00C04F79EFBC}") = "Exam-final", "Exam-final\Exam-final.csproj", "{B70C0B93-D79B-416A-843E-90CE1548E5B9}"
EndProject
Global
	GlobalSection(SolutionConfigurationPlatforms) = preSolution
		Debug|Any CPU = Debug|Any CPU
		Release|Any CPU = Release|Any CPU
	EndGlobalSection
	GlobalSection(ProjectConfigurationPlatforms) = postSolution
		{B70C0B93-D79B-416A-843E-90CE1548E5B9}.Debug|Any CPU.ActiveCfg = Debug|Any CPU
		{B70C0B93-D79B-416A-843E-90CE1548E5B9}.Debug|Any CPU.Build.0 = Debug|Any CPU
		{B70C0B93-D79B-416A-843E-90CE1548E5B9}.Release|Any CPU.ActiveCfg = Release|Any CPU
		{B70C0B93-D79B-416A-843E-90CE1548E5B9}.Release|Any CPU.Build.0 = Release|Any CPU
	EndGlobalSection
	GlobalSection(SolutionProperties) = preSolution
		HideSolutionNode = FALSE
	EndGlobalSection
	GlobalSection(ExtensibilityGlobals) = postSolution
		SolutionGuid = {4B325009-5963-4D1D-B4BB-93C8BBEE2F47}
	EndGlobalSection
EndGlobal
